
Microsoft Visual Studio Solution File, Format Version 12.00
# Visual Studio Version 17
VisualStudioVersion = 17.14.36301.6 d17.14
MinimumVisualStudioVersion = 10.0.40219.1
Project("{FAE04EC0-301F-11D3-BF4B-00C04F79EFBC}") = "6_Collections", "6_Collections.csproj", "{C259D2F0-101B-41CA-9817-F093C77FC567}"
EndProject
Global
	GlobalSection(SolutionConfigurationPlatforms) = preSolution
		Debug|Any CPU = Debug|Any CPU
		Release|Any CPU = Release|Any CPU
	EndGlobalSection
	GlobalSection(ProjectConfigurationPlatforms) = postSolution
		{C259D2F0-101B-41CA-9817-F093C77FC567}.Debug|Any CPU.ActiveCfg = Debug|Any CPU
		{C259D2F0-101B-41CA-9817-F093C77FC567}.Debug|Any CPU.Build.0 = Debug|Any CPU
		{C259D2F0-101B-41CA-9817-F093C77FC567}.Release|Any CPU.ActiveCfg = Release|Any CPU
		{C259D2F0-101B-41CA-9817-F093C77FC567}.Release|Any CPU.Build.0 = Release|Any CPU
	EndGlobalSection
	GlobalSection(SolutionProperties) = preSolution
		HideSolutionNode = FALSE
	EndGlobalSection
	GlobalSection(ExtensibilityGlobals) = postSolution
		SolutionGuid = {BCED5046-05D2-429A-9970-7BD68EA073C1}
	EndGlobalSection
EndGlobal
