
Microsoft Visual Studio Solution File, Format Version 12.00
# Visual Studio Version 17
VisualStudioVersion = 17.14.36301.6 d17.14
MinimumVisualStudioVersion = 10.0.40219.1
Project("{FAE04EC0-301F-11D3-BF4B-00C04F79EFBC}") = "1_Logic", "1_Logic.csproj", "{09D7E6B1-4DD9-49E8-9B3B-52583A2A6F48}"
EndProject
Global
	GlobalSection(SolutionConfigurationPlatforms) = preSolution
		Debug|Any CPU = Debug|Any CPU
		Release|Any CPU = Release|Any CPU
	EndGlobalSection
	GlobalSection(ProjectConfigurationPlatforms) = postSolution
		{09D7E6B1-4DD9-49E8-9B3B-52583A2A6F48}.Debug|Any CPU.ActiveCfg = Debug|Any CPU
		{09D7E6B1-4DD9-49E8-9B3B-52583A2A6F48}.Debug|Any CPU.Build.0 = Debug|Any CPU
		{09D7E6B1-4DD9-49E8-9B3B-52583A2A6F48}.Release|Any CPU.ActiveCfg = Release|Any CPU
		{09D7E6B1-4DD9-49E8-9B3B-52583A2A6F48}.Release|Any CPU.Build.0 = Release|Any CPU
	EndGlobalSection
	GlobalSection(SolutionProperties) = preSolution
		HideSolutionNode = FALSE
	EndGlobalSection
	GlobalSection(ExtensibilityGlobals) = postSolution
		SolutionGuid = {C910A7CA-5E55-4C11-865B-9B389E292A9B}
	EndGlobalSection
EndGlobal
