
Microsoft Visual Studio Solution File, Format Version 12.00
# Visual Studio Version 17
VisualStudioVersion = 17.14.36301.6 d17.14
MinimumVisualStudioVersion = 10.0.40219.1
Project("{FAE04EC0-301F-11D3-BF4B-00C04F79EFBC}") = "3_Loops", "3_Loops.csproj", "{29EC7299-0DDC-45B4-9633-0DE4AF5ABC9B}"
EndProject
Global
	GlobalSection(SolutionConfigurationPlatforms) = preSolution
		Debug|Any CPU = Debug|Any CPU
		Release|Any CPU = Release|Any CPU
	EndGlobalSection
	GlobalSection(ProjectConfigurationPlatforms) = postSolution
		{29EC7299-0DDC-45B4-9633-0DE4AF5ABC9B}.Debug|Any CPU.ActiveCfg = Debug|Any CPU
		{29EC7299-0DDC-45B4-9633-0DE4AF5ABC9B}.Debug|Any CPU.Build.0 = Debug|Any CPU
		{29EC7299-0DDC-45B4-9633-0DE4AF5ABC9B}.Release|Any CPU.ActiveCfg = Release|Any CPU
		{29EC7299-0DDC-45B4-9633-0DE4AF5ABC9B}.Release|Any CPU.Build.0 = Release|Any CPU
	EndGlobalSection
	GlobalSection(SolutionProperties) = preSolution
		HideSolutionNode = FALSE
	EndGlobalSection
	GlobalSection(ExtensibilityGlobals) = postSolution
		SolutionGuid = {D7406AD1-4CC3-4034-B095-48F62468D151}
	EndGlobalSection
EndGlobal
